
Microsoft Visual Studio Solution File, Format Version 12.00
# Visual Studio Version 17
VisualStudioVersion = 17.13.35806.99
MinimumVisualStudioVersion = 10.0.40219.1
Project("{FAE04EC0-301F-11D3-BF4B-00C04F79EFBC}") = "Watcher", "Watcher\Watcher.csproj", "{D7F67DAA-53C5-4208-AB55-74414CBF1A1E}"
EndProject
Project("{FAE04EC0-301F-11D3-BF4B-00C04F79EFBC}") = "Watcher.Tests", "Watcher.Tests\Watcher.Tests.csproj", "{0A6B77C5-C89E-49A5-B154-C33CD5ED4C15}"
EndProject
Global
	GlobalSection(SolutionConfigurationPlatforms) = preSolution
		Debug|Any CPU = Debug|Any CPU
		Release|Any CPU = Release|Any CPU
	EndGlobalSection
	GlobalSection(ProjectConfigurationPlatforms) = postSolution
		{D7F67DAA-53C5-4208-AB55-74414CBF1A1E}.Debug|Any CPU.ActiveCfg = Debug|Any CPU
		{D7F67DAA-53C5-4208-AB55-74414CBF1A1E}.Debug|Any CPU.Build.0 = Debug|Any CPU
		{D7F67DAA-53C5-4208-AB55-74414CBF1A1E}.Release|Any CPU.ActiveCfg = Release|Any CPU
		{D7F67DAA-53C5-4208-AB55-74414CBF1A1E}.Release|Any CPU.Build.0 = Release|Any CPU
		{0A6B77C5-C89E-49A5-B154-C33CD5ED4C15}.Debug|Any CPU.ActiveCfg = Debug|Any CPU
		{0A6B77C5-C89E-49A5-B154-C33CD5ED4C15}.Debug|Any CPU.Build.0 = Debug|Any CPU
		{0A6B77C5-C89E-49A5-B154-C33CD5ED4C15}.Release|Any CPU.ActiveCfg = Release|Any CPU
		{0A6B77C5-C89E-49A5-B154-C33CD5ED4C15}.Release|Any CPU.Build.0 = Release|Any CPU
	EndGlobalSection
	GlobalSection(SolutionProperties) = preSolution
		HideSolutionNode = FALSE
	EndGlobalSection
	GlobalSection(ExtensibilityGlobals) = postSolution
		SolutionGuid = {A01DC9C4-7739-4816-AA86-9B1C3C5B7E21}
	EndGlobalSection
EndGlobal
